
Microsoft Visual Studio Solution File, Format Version 12.00
# Visual Studio 14
VisualStudioVersion = 14.0.25420.1
MinimumVisualStudioVersion = 10.0.40219.1
Project("{2150E333-8FDC-42A3-9474-1A3956D46DE8}") = "00.Client", "00.Client", "{E8E99F21-0485-48CB-8328-1A6A6D251663}"
EndProject
Project("{2150E333-8FDC-42A3-9474-1A3956D46DE8}") = "01.Engine", "01.Engine", "{F15FB1E7-EEE7-4932-91BF-820361E68C7E}"
EndProject
Project("{2150E333-8FDC-42A3-9474-1A3956D46DE8}") = "01.System", "01.System", "{57D160B2-3962-4021-B1B6-629B0192DA45}"
EndProject
Project("{2150E333-8FDC-42A3-9474-1A3956D46DE8}") = "02.Utility", "02.Utility", "{FAE13A98-002E-4707-8F84-748DEAFFA9DC}"
EndProject
Project("{2150E333-8FDC-42A3-9474-1A3956D46DE8}") = "99.Headers", "99.Headers", "{A0BDF44E-4360-422B-9DB2-EACCE75A1EBB}"
	ProjectSection(SolutionItems) = preProject
		Engine\Headers\Engine_Enum.h = Engine\Headers\Engine_Enum.h
		Engine\Headers\Engine_Function.h = Engine\Headers\Engine_Function.h
		Engine\Headers\Engine_Functor.h = Engine\Headers\Engine_Functor.h
		Engine\Headers\Engine_Include.h = Engine\Headers\Engine_Include.h
		Engine\Headers\Engine_Macro.h = Engine\Headers\Engine_Macro.h
		Engine\Headers\Engine_Struct.h = Engine\Headers\Engine_Struct.h
	EndProjectSection
EndProject
Project("{2150E333-8FDC-42A3-9474-1A3956D46DE8}") = "00.Export", "00.Export", "{9B303EFD-5F0F-4F9A-821C-764D5A369B95}"
	ProjectSection(SolutionItems) = preProject
		Engine\Export\Export_Function.h = Engine\Export\Export_Function.h
	EndProjectSection
EndProject
Project("{2150E333-8FDC-42A3-9474-1A3956D46DE8}") = "02.Tool", "02.Tool", "{E7C3963A-FBCF-47EF-B68D-3A6BFC6999F7}"
	ProjectSection(SolutionItems) = preProject
		Engine\Headers\Engine_Functor.h = Engine\Headers\Engine_Functor.h
	EndProjectSection
EndProject
Project("{2150E333-8FDC-42A3-9474-1A3956D46DE8}") = "01.MapTool", "01.MapTool", "{64B14D1B-D15A-4AC3-A543-B0EEF8452D97}"
EndProject
Project("{8BC9CEB8-8B4A-11D0-8D11-00A0C91BC942}") = "Client", "Client\Include\Client.vcxproj", "{1291A208-907A-427C-8506-25D103039EB1}"
EndProject
Project("{8BC9CEB8-8B4A-11D0-8D11-00A0C91BC942}") = "System", "Engine\System\Include\System.vcxproj", "{F8CC7C1A-07BF-4FCE-B91B-0F87DDC894AE}"
EndProject
Project("{8BC9CEB8-8B4A-11D0-8D11-00A0C91BC942}") = "Utility", "Engine\Utility\Include\Utility.vcxproj", "{7F39BE41-A32E-48BB-AE69-6B70CB7FC8FE}"
EndProject
Project("{8BC9CEB8-8B4A-11D0-8D11-00A0C91BC942}") = "MapTool", "Tool\MapTool\Include\MapTool.vcxproj", "{785ABDEB-7614-4464-9FD9-FEBB8EEFD66D}"
EndProject
Project("{2150E333-8FDC-42A3-9474-1A3956D46DE8}") = "00.AnimationTool", "00.AnimationTool", "{B0D87324-0F77-4337-BCA3-5A115B3D2578}"
EndProject
Project("{8BC9CEB8-8B4A-11D0-8D11-00A0C91BC942}") = "AnimationTool", "Tool\AnimationTool\Include\AnimationTool.vcxproj", "{5E5E6A88-9218-4C74-B208-BCBAC99D78B8}"
EndProject
Global
	GlobalSection(SolutionConfigurationPlatforms) = preSolution
		Debug|Win32 = Debug|Win32
		Debug|x64 = Debug|x64
		Release|Win32 = Release|Win32
		Release|x64 = Release|x64
	EndGlobalSection
	GlobalSection(ProjectConfigurationPlatforms) = postSolution
		{1291A208-907A-427C-8506-25D103039EB1}.Debug|Win32.ActiveCfg = Debug|Win32
		{1291A208-907A-427C-8506-25D103039EB1}.Debug|Win32.Build.0 = Debug|Win32
		{1291A208-907A-427C-8506-25D103039EB1}.Debug|x64.ActiveCfg = Debug|Win32
		{1291A208-907A-427C-8506-25D103039EB1}.Release|Win32.ActiveCfg = Release|Win32
		{1291A208-907A-427C-8506-25D103039EB1}.Release|Win32.Build.0 = Release|Win32
		{1291A208-907A-427C-8506-25D103039EB1}.Release|x64.ActiveCfg = Release|Win32
		{F8CC7C1A-07BF-4FCE-B91B-0F87DDC894AE}.Debug|Win32.ActiveCfg = Debug|Win32
		{F8CC7C1A-07BF-4FCE-B91B-0F87DDC894AE}.Debug|Win32.Build.0 = Debug|Win32
		{F8CC7C1A-07BF-4FCE-B91B-0F87DDC894AE}.Debug|x64.ActiveCfg = Debug|Win32
		{F8CC7C1A-07BF-4FCE-B91B-0F87DDC894AE}.Release|Win32.ActiveCfg = Release|Win32
		{F8CC7C1A-07BF-4FCE-B91B-0F87DDC894AE}.Release|Win32.Build.0 = Release|Win32
		{F8CC7C1A-07BF-4FCE-B91B-0F87DDC894AE}.Release|x64.ActiveCfg = Release|Win32
		{7F39BE41-A32E-48BB-AE69-6B70CB7FC8FE}.Debug|Win32.ActiveCfg = Debug|Win32
		{7F39BE41-A32E-48BB-AE69-6B70CB7FC8FE}.Debug|Win32.Build.0 = Debug|Win32
		{7F39BE41-A32E-48BB-AE69-6B70CB7FC8FE}.Debug|x64.ActiveCfg = Debug|Win32
		{7F39BE41-A32E-48BB-AE69-6B70CB7FC8FE}.Release|Win32.ActiveCfg = Release|Win32
		{7F39BE41-A32E-48BB-AE69-6B70CB7FC8FE}.Release|Win32.Build.0 = Release|Win32
		{7F39BE41-A32E-48BB-AE69-6B70CB7FC8FE}.Release|x64.ActiveCfg = Release|Win32
		{785ABDEB-7614-4464-9FD9-FEBB8EEFD66D}.Debug|Win32.ActiveCfg = Debug|Win32
		{785ABDEB-7614-4464-9FD9-FEBB8EEFD66D}.Debug|Win32.Build.0 = Debug|Win32
		{785ABDEB-7614-4464-9FD9-FEBB8EEFD66D}.Debug|x64.ActiveCfg = Debug|Win32
		{785ABDEB-7614-4464-9FD9-FEBB8EEFD66D}.Release|Win32.ActiveCfg = Release|Win32
		{785ABDEB-7614-4464-9FD9-FEBB8EEFD66D}.Release|Win32.Build.0 = Release|Win32
		{785ABDEB-7614-4464-9FD9-FEBB8EEFD66D}.Release|x64.ActiveCfg = Release|Win32
		{5E5E6A88-9218-4C74-B208-BCBAC99D78B8}.Debug|Win32.ActiveCfg = Debug|Win32
		{5E5E6A88-9218-4C74-B208-BCBAC99D78B8}.Debug|Win32.Build.0 = Debug|Win32
		{5E5E6A88-9218-4C74-B208-BCBAC99D78B8}.Debug|x64.ActiveCfg = Debug|x64
		{5E5E6A88-9218-4C74-B208-BCBAC99D78B8}.Debug|x64.Build.0 = Debug|x64
		{5E5E6A88-9218-4C74-B208-BCBAC99D78B8}.Release|Win32.ActiveCfg = Release|Win32
		{5E5E6A88-9218-4C74-B208-BCBAC99D78B8}.Release|Win32.Build.0 = Release|Win32
		{5E5E6A88-9218-4C74-B208-BCBAC99D78B8}.Release|x64.ActiveCfg = Release|x64
		{5E5E6A88-9218-4C74-B208-BCBAC99D78B8}.Release|x64.Build.0 = Release|x64
	EndGlobalSection
	GlobalSection(SolutionProperties) = preSolution
		HideSolutionNode = FALSE
	EndGlobalSection
	GlobalSection(NestedProjects) = preSolution
		{57D160B2-3962-4021-B1B6-629B0192DA45} = {F15FB1E7-EEE7-4932-91BF-820361E68C7E}
		{FAE13A98-002E-4707-8F84-748DEAFFA9DC} = {F15FB1E7-EEE7-4932-91BF-820361E68C7E}
		{A0BDF44E-4360-422B-9DB2-EACCE75A1EBB} = {F15FB1E7-EEE7-4932-91BF-820361E68C7E}
		{9B303EFD-5F0F-4F9A-821C-764D5A369B95} = {F15FB1E7-EEE7-4932-91BF-820361E68C7E}
		{64B14D1B-D15A-4AC3-A543-B0EEF8452D97} = {E7C3963A-FBCF-47EF-B68D-3A6BFC6999F7}
		{1291A208-907A-427C-8506-25D103039EB1} = {E8E99F21-0485-48CB-8328-1A6A6D251663}
		{F8CC7C1A-07BF-4FCE-B91B-0F87DDC894AE} = {57D160B2-3962-4021-B1B6-629B0192DA45}
		{7F39BE41-A32E-48BB-AE69-6B70CB7FC8FE} = {FAE13A98-002E-4707-8F84-748DEAFFA9DC}
		{785ABDEB-7614-4464-9FD9-FEBB8EEFD66D} = {64B14D1B-D15A-4AC3-A543-B0EEF8452D97}
		{B0D87324-0F77-4337-BCA3-5A115B3D2578} = {E7C3963A-FBCF-47EF-B68D-3A6BFC6999F7}
		{5E5E6A88-9218-4C74-B208-BCBAC99D78B8} = {B0D87324-0F77-4337-BCA3-5A115B3D2578}
	EndGlobalSection
EndGlobal
